
Microsoft Visual Studio Solution File, Format Version 12.00
# Visual Studio Version 17
VisualStudioVersion = 17.8.34316.72
MinimumVisualStudioVersion = 10.0.40219.1
Project("{FAE04EC0-301F-11D3-BF4B-00C04F79EFBC}") = "ca1-oop-71396.sIn", "ca1-oop-71396.sIn.csproj", "{DD663B31-CDFF-42D6-A216-E6B1779A08E8}"
EndProject
Global
	GlobalSection(SolutionConfigurationPlatforms) = preSolution
		Debug|Any CPU = Debug|Any CPU
		Release|Any CPU = Release|Any CPU
	EndGlobalSection
	GlobalSection(ProjectConfigurationPlatforms) = postSolution
		{DD663B31-CDFF-42D6-A216-E6B1779A08E8}.Debug|Any CPU.ActiveCfg = Debug|Any CPU
		{DD663B31-CDFF-42D6-A216-E6B1779A08E8}.Debug|Any CPU.Build.0 = Debug|Any CPU
		{DD663B31-CDFF-42D6-A216-E6B1779A08E8}.Release|Any CPU.ActiveCfg = Release|Any CPU
		{DD663B31-CDFF-42D6-A216-E6B1779A08E8}.Release|Any CPU.Build.0 = Release|Any CPU
	EndGlobalSection
	GlobalSection(SolutionProperties) = preSolution
		HideSolutionNode = FALSE
	EndGlobalSection
	GlobalSection(ExtensibilityGlobals) = postSolution
		SolutionGuid = {E2B3AA4F-C5C7-4069-A1CE-73CAD8BD20CC}
	EndGlobalSection
EndGlobal
